{
  "name": "fuse-sqlite-example",
  "requires": true,
  "lockfileVersion": 1,
  "dependencies": {
    "@fuse-open/fuselibs": {
      "version": "1.14.0",
      "resolved": "https://registry.npmjs.org/@fuse-open/fuselibs/-/fuselibs-1.14.0.tgz",
      "integrity": "sha512-K8kO9FukQX9zAQvyAbKe3VwvGV7wyJcGm2u4XW5szNMRIGusKqOo+U1Rzft2z1nJ97npZnxYSquuG5I+3Pvx3w==",
      "dev": true
    },
    "@fuse-open/types": {
      "version": "1.14.0",
      "resolved": "https://registry.npmjs.org/@fuse-open/types/-/types-1.14.0.tgz",
      "integrity": "sha512-KwZW6QmBwfAt6lTJK7/gLGDqc0qD9gM/mIjxXOfhl5twWyDlPEWJQDy6ZuEN/Gfxv+09IUlSIx8nzvUhoj+AUA==",
      "dev": true
    },
    "dotnet-run": {
      "version": "1.3.1",
      "resolved": "https://registry.npmjs.org/dotnet-run/-/dotnet-run-1.3.1.tgz",
      "integrity": "sha512-YckXh9Yyq5qNPkbHYIXYk3re9oAS+8N1qHAnp1TmSjLSB3j0tT8vDra/m29ACdnfbYuLgRjGUYdl2MFp6Qvfvg==",
      "dev": true
    },
    "fuse-sdk": {
      "version": "1.14.0",
      "resolved": "https://registry.npmjs.org/fuse-sdk/-/fuse-sdk-1.14.0.tgz",
      "integrity": "sha512-rG99jxlmUDl2t/C6oFtjPjKp9LmEBuDH3j2lK1FWLvXRb/2sCQB3caMK6dLzT4q0aP08g/47vMGfqvKOgrW0MQ==",
      "dev": true,
      "requires": {
        "@fuse-open/fuselibs": "~1.14.0",
        "@fuse-open/uno": "~1.14.0"
      },
      "dependencies": {
        "@fuse-open/uno": {
          "version": "1.14.1",
          "resolved": "https://registry.npmjs.org/@fuse-open/uno/-/uno-1.14.1.tgz",
          "integrity": "sha512-JbwW0YWTA9fgls8VR+g3bqivjFuFXyGfhuMIkiDFJUB23wKCRlLaf0mb0Eky0ItAs9zHLHe30ijh7AKseJa/Vw==",
          "dev": true,
          "requires": {
            "dotnet-run": "^1.2.0"
          }
        }
      }
    },
    "fuse-sqlite": {
      "version": "0.12.0",
      "resolved": "https://registry.npmjs.org/fuse-sqlite/-/fuse-sqlite-0.12.0.tgz",
      "integrity": "sha512-MR5tIoh8Hcmyynvxs54+xRmgSArD5dF4NNFIywGzH4e6SyMZALd9e7sXGldtbBVjL0YSE0VMNT0Ez5A2Wn3BbA==",
      "dev": true
    },
    "typescript": {
      "version": "3.9.7",
      "resolved": "https://registry.npmjs.org/typescript/-/typescript-3.9.7.tgz",
      "integrity": "sha512-BLbiRkiBzAwsjut4x/dsibSTB6yWpwT5qWmC2OfuCg3GgVQCSgMs4vEctYPhsaGtd0AeuuHMkjZ2h2WG8MSzRw==",
      "dev": true
    }
  }
}
